
Microsoft Visual Studio Solution File, Format Version 12.00
# Visual Studio Version 17
VisualStudioVersion = 17.9.34622.214
MinimumVisualStudioVersion = 10.0.40219.1
Project("{FAE04EC0-301F-11D3-BF4B-00C04F79EFBC}") = "PhotoCutter", "PhotoCutter\PhotoCutter.csproj", "{F4B3FD39-43A3-458D-9149-81E1A1CA1896}"
EndProject
Project("{FAE04EC0-301F-11D3-BF4B-00C04F79EFBC}") = "PhotoCutter.Domain", "PhotoCutter.Domain\PhotoCutter.Domain.csproj", "{5D96993E-7CEB-4314-B61F-F0E3AF321468}"
EndProject
Global
	GlobalSection(SolutionConfigurationPlatforms) = preSolution
		Debug|Any CPU = Debug|Any CPU
		Release|Any CPU = Release|Any CPU
	EndGlobalSection
	GlobalSection(ProjectConfigurationPlatforms) = postSolution
		{F4B3FD39-43A3-458D-9149-81E1A1CA1896}.Debug|Any CPU.ActiveCfg = Debug|Any CPU
		{F4B3FD39-43A3-458D-9149-81E1A1CA1896}.Debug|Any CPU.Build.0 = Debug|Any CPU
		{F4B3FD39-43A3-458D-9149-81E1A1CA1896}.Release|Any CPU.ActiveCfg = Release|Any CPU
		{F4B3FD39-43A3-458D-9149-81E1A1CA1896}.Release|Any CPU.Build.0 = Release|Any CPU
		{5D96993E-7CEB-4314-B61F-F0E3AF321468}.Debug|Any CPU.ActiveCfg = Debug|Any CPU
		{5D96993E-7CEB-4314-B61F-F0E3AF321468}.Debug|Any CPU.Build.0 = Debug|Any CPU
		{5D96993E-7CEB-4314-B61F-F0E3AF321468}.Release|Any CPU.ActiveCfg = Release|Any CPU
		{5D96993E-7CEB-4314-B61F-F0E3AF321468}.Release|Any CPU.Build.0 = Release|Any CPU
	EndGlobalSection
	GlobalSection(SolutionProperties) = preSolution
		HideSolutionNode = FALSE
	EndGlobalSection
	GlobalSection(ExtensibilityGlobals) = postSolution
		SolutionGuid = {DA815A76-FFDC-4C2A-B938-45F74BA04E17}
	EndGlobalSection
EndGlobal
